
Microsoft Visual Studio Solution File, Format Version 12.00
# Visual Studio Version 17
VisualStudioVersion = 17.8.34330.188
MinimumVisualStudioVersion = 10.0.40219.1
Project("{FAE04EC0-301F-11D3-BF4B-00C04F79EFBC}") = "clicker", "clicker\clicker.csproj", "{D5367BD2-DAE4-4064-AB35-F14A797D2AAA}"
EndProject
Global
	GlobalSection(SolutionConfigurationPlatforms) = preSolution
		Debug|Any CPU = Debug|Any CPU
		Release|Any CPU = Release|Any CPU
	EndGlobalSection
	GlobalSection(ProjectConfigurationPlatforms) = postSolution
		{D5367BD2-DAE4-4064-AB35-F14A797D2AAA}.Debug|Any CPU.ActiveCfg = Debug|Any CPU
		{D5367BD2-DAE4-4064-AB35-F14A797D2AAA}.Debug|Any CPU.Build.0 = Debug|Any CPU
		{D5367BD2-DAE4-4064-AB35-F14A797D2AAA}.Release|Any CPU.ActiveCfg = Release|Any CPU
		{D5367BD2-DAE4-4064-AB35-F14A797D2AAA}.Release|Any CPU.Build.0 = Release|Any CPU
	EndGlobalSection
	GlobalSection(SolutionProperties) = preSolution
		HideSolutionNode = FALSE
	EndGlobalSection
	GlobalSection(ExtensibilityGlobals) = postSolution
		SolutionGuid = {11F7A797-02F9-4F2B-A807-4F7533C0DD4E}
	EndGlobalSection
EndGlobal
